
Microsoft Visual Studio Solution File, Format Version 12.00
# Visual Studio 15
VisualStudioVersion = 15.0.27703.2047
MinimumVisualStudioVersion = 10.0.40219.1
Project("{FAE04EC0-301F-11D3-BF4B-00C04F79EFBC}") = "QuanLyCF", "QuanLyCF\QuanLyCF.csproj", "{29C97DA2-9150-4751-92CE-89551A55F32A}"
EndProject
Global
	GlobalSection(SolutionConfigurationPlatforms) = preSolution
		Debug|Any CPU = Debug|Any CPU
		Release|Any CPU = Release|Any CPU
	EndGlobalSection
	GlobalSection(ProjectConfigurationPlatforms) = postSolution
		{29C97DA2-9150-4751-92CE-89551A55F32A}.Debug|Any CPU.ActiveCfg = Debug|Any CPU
		{29C97DA2-9150-4751-92CE-89551A55F32A}.Debug|Any CPU.Build.0 = Debug|Any CPU
		{29C97DA2-9150-4751-92CE-89551A55F32A}.Release|Any CPU.ActiveCfg = Release|Any CPU
		{29C97DA2-9150-4751-92CE-89551A55F32A}.Release|Any CPU.Build.0 = Release|Any CPU
	EndGlobalSection
	GlobalSection(SolutionProperties) = preSolution
		HideSolutionNode = FALSE
	EndGlobalSection
	GlobalSection(ExtensibilityGlobals) = postSolution
		SolutionGuid = {99CF50C9-AA28-4DF0-BDFB-883ECE0FF94B}
	EndGlobalSection
EndGlobal
